// !$*UTF8*$!
{
	archiveVersion = 1;
	classes = {
	};
	objectVersion = 46;
	objects = {

/* Begin PBXBuildFile section */
		59B069731BF8D2FE00E24D65 /* GLUT.framework in Frameworks */ = {isa = PBXBuildFile; fileRef = 59B069721BF8D2FE00E24D65 /* GLUT.framework */; };
		59B069751BF8D30300E24D65 /* OpenGL.framework in Frameworks */ = {isa = PBXBuildFile; fileRef = 59B069741BF8D30300E24D65 /* OpenGL.framework */; };
		59B069771BF8D30D00E24D65 /* Cocoa.framework in Frameworks */ = {isa = PBXBuildFile; fileRef = 59B069761BF8D30D00E24D65 /* Cocoa.framework */; };
		F0CCFC011BFA37F600E0BD43 /* Sphere.cpp in Sources */ = {isa = PBXBuildFile; fileRef = F0CCFBFF1BFA37F600E0BD43 /* Sphere.cpp */; };
		F0DBB3681BF91D7D00B0CF52 /* main.cpp in Sources */ = {isa = PBXBuildFile; fileRef = F0DBB3671BF91D7D00B0CF52 /* main.cpp */; };
/* End PBXBuildFile section */

/* Begin PBXCopyFilesBuildPhase section */
		59B069611BF8D1D700E24D65 /* CopyFiles */ = {
			isa = PBXCopyFilesBuildPhase;
			buildActionMask = 2147483647;
			dstPath = /usr/share/man/man1/;
			dstSubfolderSpec = 0;
			files = (
			);
			runOnlyForDeploymentPostprocessing = 1;
		};
/* End PBXCopyFilesBuildPhase section */

/* Begin PBXFileReference section */
		59B069631BF8D1D700E24D65 /* CG_EX2 */ = {isa = PBXFileReference; explicitFileType = "compiled.mach-o.executable"; includeInIndex = 0; path = CG_EX2; sourceTree = BUILT_PRODUCTS_DIR; };
		59B069721BF8D2FE00E24D65 /* GLUT.framework */ = {isa = PBXFileReference; lastKnownFileType = wrapper.framework; name = GLUT.framework; path = System/Library/Frameworks/GLUT.framework; sourceTree = SDKROOT; };
		59B069741BF8D30300E24D65 /* OpenGL.framework */ = {isa = PBXFileReference; lastKnownFileType = wrapper.framework; name = OpenGL.framework; path = System/Library/Frameworks/OpenGL.framework; sourceTree = SDKROOT; };
		59B069761BF8D30D00E24D65 /* Cocoa.framework */ = {isa = PBXFileReference; lastKnownFileType = wrapper.framework; name = Cocoa.framework; path = System/Library/Frameworks/Cocoa.framework; sourceTree = SDKROOT; };
		F0CCFBFB1BFA318B00E0BD43 /* init1.txt */ = {isa = PBXFileReference; fileEncoding = 4; lastKnownFileType = text; path = init1.txt; sourceTree = "<group>"; };
		F0CCFBFC1BFA318B00E0BD43 /* init2.txt */ = {isa = PBXFileReference; fileEncoding = 4; lastKnownFileType = text; path = init2.txt; sourceTree = "<group>"; };
		F0CCFBFD1BFA374900E0BD43 /* Sphere.h */ = {isa = PBXFileReference; lastKnownFileType = sourcecode.c.h; path = Sphere.h; sourceTree = "<group>"; };
		F0CCFBFE1BFA375E00E0BD43 /* Plane.h */ = {isa = PBXFileReference; lastKnownFileType = sourcecode.c.h; path = Plane.h; sourceTree = "<group>"; };
		F0CCFBFF1BFA37F600E0BD43 /* Sphere.cpp */ = {isa = PBXFileReference; fileEncoding = 4; lastKnownFileType = sourcecode.cpp.cpp; path = Sphere.cpp; sourceTree = "<group>"; };
		F0DBB3651BF91D7D00B0CF52 /* Vector3f.h */ = {isa = PBXFileReference; fileEncoding = 4; lastKnownFileType = sourcecode.c.h; path = Vector3f.h; sourceTree = "<group>"; };
		F0DBB3671BF91D7D00B0CF52 /* main.cpp */ = {isa = PBXFileReference; fileEncoding = 4; lastKnownFileType = sourcecode.cpp.cpp; path = main.cpp; sourceTree = "<group>"; };
		F0DBB3691BF91DB900B0CF52 /* README.md */ = {isa = PBXFileReference; fileEncoding = 4; lastKnownFileType = net.daringfireball.markdown; path = README.md; sourceTree = "<group>"; };
/* End PBXFileReference section */

/* Begin PBXFrameworksBuildPhase section */
		59B069601BF8D1D700E24D65 /* Frameworks */ = {
			isa = PBXFrameworksBuildPhase;
			buildActionMask = 2147483647;
			files = (
				59B069771BF8D30D00E24D65 /* Cocoa.framework in Frameworks */,
				59B069751BF8D30300E24D65 /* OpenGL.framework in Frameworks */,
				59B069731BF8D2FE00E24D65 /* GLUT.framework in Frameworks */,
			);
			runOnlyForDeploymentPostprocessing = 0;
		};
/* End PBXFrameworksBuildPhase section */

/* Begin PBXGroup section */
		59B0695A1BF8D1D600E24D65 = {
			isa = PBXGroup;
			children = (
				59B069761BF8D30D00E24D65 /* Cocoa.framework */,
				59B069741BF8D30300E24D65 /* OpenGL.framework */,
				59B069721BF8D2FE00E24D65 /* GLUT.framework */,
				F0DBB3641BF91D7D00B0CF52 /* include */,
				F0DBB3661BF91D7D00B0CF52 /* source */,
				59B069641BF8D1D700E24D65 /* Products */,
				F0DBB3691BF91DB900B0CF52 /* README.md */,
			);
			sourceTree = "<group>";
		};
		59B069641BF8D1D700E24D65 /* Products */ = {
			isa = PBXGroup;
			children = (
				59B069631BF8D1D700E24D65 /* CG_EX2 */,
			);
			name = Products;
			sourceTree = "<group>";
		};
		F0DBB3641BF91D7D00B0CF52 /* include */ = {
			isa = PBXGroup;
			children = (
				F0DBB3651BF91D7D00B0CF52 /* Vector3f.h */,
				F0CCFBFD1BFA374900E0BD43 /* Sphere.h */,
				F0CCFBFE1BFA375E00E0BD43 /* Plane.h */,
			);
			path = include;
			sourceTree = "<group>";
		};
		F0DBB3661BF91D7D00B0CF52 /* source */ = {
			isa = PBXGroup;
			children = (
				F0CCFBFB1BFA318B00E0BD43 /* init1.txt */,
				F0CCFBFC1BFA318B00E0BD43 /* init2.txt */,
				F0DBB3671BF91D7D00B0CF52 /* main.cpp */,
				F0CCFBFF1BFA37F600E0BD43 /* Sphere.cpp */,
			);
			path = source;
			sourceTree = "<group>";
		};
/* End PBXGroup section */

/* Begin PBXNativeTarget section */
		59B069621BF8D1D700E24D65 /* CG_EX2 */ = {
			isa = PBXNativeTarget;
			buildConfigurationList = 59B0696A1BF8D1D700E24D65 /* Build configuration list for PBXNativeTarget "CG_EX2" */;
			buildPhases = (
				59B0695F1BF8D1D700E24D65 /* Sources */,
				59B069601BF8D1D700E24D65 /* Frameworks */,
				59B069611BF8D1D700E24D65 /* CopyFiles */,
			);
			buildRules = (
			);
			dependencies = (
			);
			name = CG_EX2;
			productName = CG_EX2;
			productReference = 59B069631BF8D1D700E24D65 /* CG_EX2 */;
			productType = "com.apple.product-type.tool";
		};
/* End PBXNativeTarget section */

/* Begin PBXProject section */
		59B0695B1BF8D1D600E24D65 /* Project object */ = {
			isa = PBXProject;
			attributes = {
				LastUpgradeCheck = 0710;
				ORGANIZATIONNAME = Bbenchaya;
				TargetAttributes = {
					59B069621BF8D1D700E24D65 = {
						CreatedOnToolsVersion = 7.1.1;
					};
				};
			};
			buildConfigurationList = 59B0695E1BF8D1D600E24D65 /* Build configuration list for PBXProject "CG_EX2" */;
			compatibilityVersion = "Xcode 3.2";
			developmentRegion = English;
			hasScannedForEncodings = 0;
			knownRegions = (
				en,
			);
			mainGroup = 59B0695A1BF8D1D600E24D65;
			productRefGroup = 59B069641BF8D1D700E24D65 /* Products */;
			projectDirPath = "";
			projectRoot = "";
			targets = (
				59B069621BF8D1D700E24D65 /* CG_EX2 */,
			);
		};
/* End PBXProject section */

/* Begin PBXSourcesBuildPhase section */
		59B0695F1BF8D1D700E24D65 /* Sources */ = {
			isa = PBXSourcesBuildPhase;
			buildActionMask = 2147483647;
			files = (
				F0CCFC011BFA37F600E0BD43 /* Sphere.cpp in Sources */,
				F0DBB3681BF91D7D00B0CF52 /* main.cpp in Sources */,
			);
			runOnlyForDeploymentPostprocessing = 0;
		};
/* End PBXSourcesBuildPhase section */

/* Begin XCBuildConfiguration section */
		59B069681BF8D1D700E24D65 /* Debug */ = {
			isa = XCBuildConfiguration;
			buildSettings = {
				ALWAYS_SEARCH_USER_PATHS = NO;
				CLANG_CXX_LANGUAGE_STANDARD = "gnu++0x";
				CLANG_CXX_LIBRARY = "libc++";
				CLANG_ENABLE_MODULES = YES;
				CLANG_ENABLE_OBJC_ARC = YES;
				CLANG_WARN_BOOL_CONVERSION = YES;
				CLANG_WARN_CONSTANT_CONVERSION = YES;
				CLANG_WARN_DIRECT_OBJC_ISA_USAGE = YES_ERROR;
				CLANG_WARN_EMPTY_BODY = YES;
				CLANG_WARN_ENUM_CONVERSION = YES;
				CLANG_WARN_INT_CONVERSION = YES;
				CLANG_WARN_OBJC_ROOT_CLASS = YES_ERROR;
				CLANG_WARN_UNREACHABLE_CODE = YES;
				CLANG_WARN__DUPLICATE_METHOD_MATCH = YES;
				CODE_SIGN_IDENTITY = "-";
				COPY_PHASE_STRIP = NO;
				DEBUG_INFORMATION_FORMAT = dwarf;
				ENABLE_STRICT_OBJC_MSGSEND = YES;
				ENABLE_TESTABILITY = YES;
				GCC_C_LANGUAGE_STANDARD = gnu99;
				GCC_DYNAMIC_NO_PIC = NO;
				GCC_NO_COMMON_BLOCKS = YES;
				GCC_OPTIMIZATION_LEVEL = 0;
				GCC_PREPROCESSOR_DEFINITIONS = (
					"DEBUG=1",
					"$(inherited)",
				);
				GCC_WARN_64_TO_32_BIT_CONVERSION = YES;
				GCC_WARN_ABOUT_RETURN_TYPE = YES_ERROR;
				GCC_WARN_UNDECLARED_SELECTOR = YES;
				GCC_WARN_UNINITIALIZED_AUTOS = YES_AGGRESSIVE;
				GCC_WARN_UNUSED_FUNCTION = YES;
				GCC_WARN_UNUSED_VARIABLE = YES;
				MACOSX_DEPLOYMENT_TARGET = 10.10;
				MTL_ENABLE_DEBUG_INFO = YES;
				ONLY_ACTIVE_ARCH = YES;
				SDKROOT = macosx;
			};
			name = Debug;
		};
		59B069691BF8D1D700E24D65 /* Release */ = {
			isa = XCBuildConfiguration;
			buildSettings = {
				ALWAYS_SEARCH_USER_PATHS = NO;
				CLANG_CXX_LANGUAGE_STANDARD = "gnu++0x";
				CLANG_CXX_LIBRARY = "libc++";
				CLANG_ENABLE_MODULES = YES;
				CLANG_ENABLE_OBJC_ARC = YES;
				CLANG_WARN_BOOL_CONVERSION = YES;
				CLANG_WARN_CONSTANT_CONVERSION = YES;
				CLANG_WARN_DIRECT_OBJC_ISA_USAGE = YES_ERROR;
				CLANG_WARN_EMPTY_BODY = YES;
				CLANG_WARN_ENUM_CONVERSION = YES;
				CLANG_WARN_INT_CONVERSION = YES;
				CLANG_WARN_OBJC_ROOT_CLASS = YES_ERROR;
				CLANG_WARN_UNREACHABLE_CODE = YES;
				CLANG_WARN__DUPLICATE_METHOD_MATCH = YES;
				CODE_SIGN_IDENTITY = "-";
				COPY_PHASE_STRIP = NO;
				DEBUG_INFORMATION_FORMAT = "dwarf-with-dsym";
				ENABLE_NS_ASSERTIONS = NO;
				ENABLE_STRICT_OBJC_MSGSEND = YES;
				GCC_C_LANGUAGE_STANDARD = gnu99;
				GCC_NO_COMMON_BLOCKS = YES;
				GCC_WARN_64_TO_32_BIT_CONVERSION = YES;
				GCC_WARN_ABOUT_RETURN_TYPE = YES_ERROR;
				GCC_WARN_UNDECLARED_SELECTOR = YES;
				GCC_WARN_UNINITIALIZED_AUTOS = YES_AGGRESSIVE;
				GCC_WARN_UNUSED_FUNCTION = YES;
				GCC_WARN_UNUSED_VARIABLE = YES;
				MACOSX_DEPLOYMENT_TARGET = 10.10;
				MTL_ENABLE_DEBUG_INFO = NO;
				SDKROOT = macosx;
			};
			name = Release;
		};
		59B0696B1BF8D1D700E24D65 /* Debug */ = {
			isa = XCBuildConfiguration;
			buildSettings = {
				PRODUCT_NAME = "$(TARGET_NAME)";
			};
			name = Debug;
		};
		59B0696C1BF8D1D700E24D65 /* Release */ = {
			isa = XCBuildConfiguration;
			buildSettings = {
				PRODUCT_NAME = "$(TARGET_NAME)";
			};
			name = Release;
		};
/* End XCBuildConfiguration section */

/* Begin XCConfigurationList section */
		59B0695E1BF8D1D600E24D65 /* Build configuration list for PBXProject "CG_EX2" */ = {
			isa = XCConfigurationList;
			buildConfigurations = (
				59B069681BF8D1D700E24D65 /* Debug */,
				59B069691BF8D1D700E24D65 /* Release */,
			);
			defaultConfigurationIsVisible = 0;
			defaultConfigurationName = Release;
		};
		59B0696A1BF8D1D700E24D65 /* Build configuration list for PBXNativeTarget "CG_EX2" */ = {
			isa = XCConfigurationList;
			buildConfigurations = (
				59B0696B1BF8D1D700E24D65 /* Debug */,
				59B0696C1BF8D1D700E24D65 /* Release */,
			);
			defaultConfigurationIsVisible = 0;
			defaultConfigurationName = Release;
		};
/* End XCConfigurationList section */
	};
	rootObject = 59B0695B1BF8D1D600E24D65 /* Project object */;
}
